
Microsoft Visual Studio Solution File, Format Version 12.00
# Visual Studio 2015
Project("{FAE04EC0-301F-11D3-BF4B-00C04F79EFBC}") = "portalClone.Plugins", "portalClone.Plugins.csproj", "{3BE725E4-63B8-9712-9470-784FC26EABEE}"
EndProject
Project("{FAE04EC0-301F-11D3-BF4B-00C04F79EFBC}") = "portalClone", "portalClone.csproj", "{FF90B0DC-44E9-0336-4AF9-7B7B87E1A315}"
EndProject
Project("{FAE04EC0-301F-11D3-BF4B-00C04F79EFBC}") = "portalClone.Editor", "portalClone.Editor.csproj", "{1B11C033-5505-0ED1-D8F8-61649C58B7F5}"
EndProject
Global
	GlobalSection(SolutionConfigurationPlatforms) = preSolution
		Debug|Any CPU = Debug|Any CPU
		Release|Any CPU = Release|Any CPU
	EndGlobalSection
	GlobalSection(ProjectConfigurationPlatforms) = postSolution
		{3BE725E4-63B8-9712-9470-784FC26EABEE}.Debug|Any CPU.ActiveCfg = Debug|Any CPU
		{3BE725E4-63B8-9712-9470-784FC26EABEE}.Debug|Any CPU.Build.0 = Debug|Any CPU
		{3BE725E4-63B8-9712-9470-784FC26EABEE}.Release|Any CPU.ActiveCfg = Release|Any CPU
		{3BE725E4-63B8-9712-9470-784FC26EABEE}.Release|Any CPU.Build.0 = Release|Any CPU
		{FF90B0DC-44E9-0336-4AF9-7B7B87E1A315}.Debug|Any CPU.ActiveCfg = Debug|Any CPU
		{FF90B0DC-44E9-0336-4AF9-7B7B87E1A315}.Debug|Any CPU.Build.0 = Debug|Any CPU
		{FF90B0DC-44E9-0336-4AF9-7B7B87E1A315}.Release|Any CPU.ActiveCfg = Release|Any CPU
		{FF90B0DC-44E9-0336-4AF9-7B7B87E1A315}.Release|Any CPU.Build.0 = Release|Any CPU
		{1B11C033-5505-0ED1-D8F8-61649C58B7F5}.Debug|Any CPU.ActiveCfg = Debug|Any CPU
		{1B11C033-5505-0ED1-D8F8-61649C58B7F5}.Debug|Any CPU.Build.0 = Debug|Any CPU
		{1B11C033-5505-0ED1-D8F8-61649C58B7F5}.Release|Any CPU.ActiveCfg = Release|Any CPU
		{1B11C033-5505-0ED1-D8F8-61649C58B7F5}.Release|Any CPU.Build.0 = Release|Any CPU
	EndGlobalSection
	GlobalSection(SolutionProperties) = preSolution
		HideSolutionNode = FALSE
	EndGlobalSection
EndGlobal
